{
  "version": 4,
  "terraform_version": "0.13.3",
  "serial": 7,
  "lineage": "e4cdc178-a996-29ec-4370-56025e5e7dab",
  "outputs": {
    "id_comp": {
      "value": "projects/phonic-command-291302/zones/europe-west2-a/instances/test",
      "type": "string"
    },
    "instance_id_comp": {
      "value": "5492045924196314289",
      "type": "string"
    }
  },
  "resources": [
    {
      "mode": "managed",
      "type": "google_compute_instance",
      "name": "default",
      "provider": "provider[\"registry.terraform.io/hashicorp/google\"]",
      "instances": [
        {
          "schema_version": 6,
          "attributes": {
            "allow_stopping_for_update": null,
            "attached_disk": [],
            "boot_disk": [
              {
                "auto_delete": true,
                "device_name": "persistent-disk-0",
                "disk_encryption_key_raw": "",
                "disk_encryption_key_sha256": "",
                "initialize_params": [
                  {
                    "image": "https://www.googleapis.com/compute/v1/projects/ubuntu-os-cloud/global/images/ubuntu-1604-xenial-v20200923",
                    "labels": {},
                    "size": 10,
                    "type": "pd-standard"
                  }
                ],
                "kms_key_self_link": "",
                "mode": "READ_WRITE",
                "source": "https://www.googleapis.com/compute/v1/projects/phonic-command-291302/zones/europe-west2-a/disks/test"
              }
            ],
            "can_ip_forward": false,
            "cpu_platform": "Intel Broadwell",
            "current_status": "RUNNING",
            "deletion_protection": false,
            "description": "",
            "desired_status": null,
            "enable_display": false,
            "guest_accelerator": [],
            "hostname": "",
            "id": "projects/phonic-command-291302/zones/europe-west2-a/instances/test",
            "instance_id": "5492045924196314289",
            "label_fingerprint": "42WmSpB8rSM=",
            "labels": {},
            "machine_type": "n1-standard-1",
            "metadata": {},
            "metadata_fingerprint": "OPjHT0MATRA=",
            "metadata_startup_script": "",
            "min_cpu_platform": "",
            "name": "test",
            "network_interface": [
              {
                "access_config": [],
                "alias_ip_range": [],
                "name": "nic0",
                "network": "https://www.googleapis.com/compute/v1/projects/phonic-command-291302/global/networks/test-network",
                "network_ip": "10.154.0.2",
                "subnetwork": "https://www.googleapis.com/compute/v1/projects/phonic-command-291302/regions/europe-west2/subnetworks/test-network",
                "subnetwork_project": "phonic-command-291302"
              }
            ],
            "project": "phonic-command-291302",
            "resource_policies": [],
            "scheduling": [
              {
                "automatic_restart": true,
                "node_affinities": [],
                "on_host_maintenance": "MIGRATE",
                "preemptible": false
              }
            ],
            "scratch_disk": [],
            "self_link": "https://www.googleapis.com/compute/v1/projects/phonic-command-291302/zones/europe-west2-a/instances/test",
            "service_account": [
              {
                "email": "310564893631-compute@developer.gserviceaccount.com",
                "scopes": [
                  "https://www.googleapis.com/auth/compute.readonly",
                  "https://www.googleapis.com/auth/devstorage.read_only",
                  "https://www.googleapis.com/auth/userinfo.email"
                ]
              }
            ],
            "shielded_instance_config": [
              {
                "enable_integrity_monitoring": true,
                "enable_secure_boot": false,
                "enable_vtpm": true
              }
            ],
            "tags": [
              "test-http",
              "test-https"
            ],
            "tags_fingerprint": "6EVhMiYyL1Q=",
            "timeouts": null,
            "zone": "europe-west2-a"
          },
          "private": "eyJlMmJmYjczMC1lY2FhLTExZTYtOGY4OC0zNDM2M2JjN2M0YzAiOnsiY3JlYXRlIjoxMjAwMDAwMDAwMDAwLCJkZWxldGUiOjEyMDAwMDAwMDAwMDAsInVwZGF0ZSI6MTIwMDAwMDAwMDAwMH0sInNjaGVtYV92ZXJzaW9uIjoiNiJ9",
          "dependencies": [
            "google_compute_network.network"
          ]
        }
      ]
    },
    {
      "mode": "managed",
      "type": "google_compute_network",
      "name": "network",
      "provider": "provider[\"registry.terraform.io/hashicorp/google\"]",
      "instances": [
        {
          "schema_version": 0,
          "attributes": {
            "auto_create_subnetworks": true,
            "delete_default_routes_on_create": false,
            "description": "",
            "gateway_ipv4": "",
            "id": "projects/phonic-command-291302/global/networks/test-network",
            "name": "test-network",
            "project": "phonic-command-291302",
            "routing_mode": "REGIONAL",
            "self_link": "https://www.googleapis.com/compute/v1/projects/phonic-command-291302/global/networks/test-network",
            "timeouts": null
          },
          "private": "eyJlMmJmYjczMC1lY2FhLTExZTYtOGY4OC0zNDM2M2JjN2M0YzAiOnsiY3JlYXRlIjoyNDAwMDAwMDAwMDAsImRlbGV0ZSI6MjQwMDAwMDAwMDAwLCJ1cGRhdGUiOjI0MDAwMDAwMDAwMH19"
        }
      ]
    },
    {
      "mode": "managed",
      "type": "google_sql_database_instance",
      "name": "master",
      "provider": "provider[\"registry.terraform.io/hashicorp/google\"]",
      "instances": [
        {
          "schema_version": 0,
          "attributes": {
            "connection_name": "phonic-command-291302:europe-west2:master-instance",
            "database_version": "MYSQL_5_7",
            "first_ip_address": "34.89.90.141",
            "id": "master-instance",
            "ip_address": [
              {
                "ip_address": "34.89.90.141",
                "time_to_retire": "",
                "type": "PRIMARY"
              }
            ],
            "master_instance_name": "",
            "name": "master-instance",
            "private_ip_address": "",
            "project": "phonic-command-291302",
            "public_ip_address": "34.89.90.141",
            "region": "europe-west2",
            "replica_configuration": [],
            "root_password": null,
            "self_link": "https://sqladmin.googleapis.com/sql/v1beta4/projects/phonic-command-291302/instances/master-instance",
            "server_ca_cert": [
              {
                "cert": "-----BEGIN CERTIFICATE-----\nMIIDfzCCAmegAwIBAgIBADANBgkqhkiG9w0BAQsFADB3MS0wKwYDVQQuEyQwZGE1\nNjdlMC1mMzNmLTRhOTAtYjdhYS1mNWZlYzExOWI5ZjExIzAhBgNVBAMTGkdvb2ds\nZSBDbG91ZCBTUUwgU2VydmVyIENBMRQwEgYDVQQKEwtHb29nbGUsIEluYzELMAkG\nA1UEBhMCVVMwHhcNMjAxMDAzMDIxMjA4WhcNMzAxMDAxMDIxMzA4WjB3MS0wKwYD\nVQQuEyQwZGE1NjdlMC1mMzNmLTRhOTAtYjdhYS1mNWZlYzExOWI5ZjExIzAhBgNV\nBAMTGkdvb2dsZSBDbG91ZCBTUUwgU2VydmVyIENBMRQwEgYDVQQKEwtHb29nbGUs\nIEluYzELMAkGA1UEBhMCVVMwggEiMA0GCSqGSIb3DQEBAQUAA4IBDwAwggEKAoIB\nAQCdNqtsGhsbdeKu24qYGs5ZN/BzlGYApLROcqoXP2Np259YPeKPtlpfxjfWhaLL\nASadNb40hEHBbjCHSkUZldd+rbKEore9Jhw9HJz3+koj3XByJgBJC0k5YkQ71Aw8\nM5talLRvdwRItl2WSL0hPvWaLASAxKb6AnLWDPQxvCkURtluG6Eip7zHs9YmWGA4\nKhj/ckNaGZ6pPZGkIHIod8zGCa977hXVcYrmk6+uBYucg5sM6UKYzUWMt51kKZh/\nBUPFJac+lYd0ewdA8tMVsNc5Rl7+CR6+nxvqH2r9NHZzB3XnFL5FXbeMimrm2Gm6\njLwdVw5NY3u0tUOmCGxIJalJAgMBAAGjFjAUMBIGA1UdEwEB/wQIMAYBAf8CAQAw\nDQYJKoZIhvcNAQELBQADggEBACHsxWIVdOLXoSZnjdbJlD7W74dPzIBZwo1X9Fnl\nHbMlU3D55evLwjXP77B89rUmuMyKgewLfP8sPkFkS03+y6tGby/d9Kqak4tm0hIL\nzjj1rh10KK1/tpLiE38X036RjcvFi7ibtSHCkqo2Ikpl8TaYudakjHZ5zoolHCn5\nsBfWAEe6z7fuVo6WiEd8mORnc3qBJacTgXb1CdjWpRlRhDWXbVwzbxPKnDRiUFdY\nPg+5aK5GdGBXUuHgxMNyyGFMEOTUkgyPMOZvrrdd69KuZQlL0gwCULojQvf1HESh\nYrylj5uz6S8ZX5Qa3i8U64xYbMxRSXvpZTBIIL186n9MOVU=\n-----END CERTIFICATE-----",
                "common_name": "C=US,O=Google\\, Inc,CN=Google Cloud SQL Server CA,dnQualifier=0da567e0-f33f-4a90-b7aa-f5fec119b9f1",
                "create_time": "2020-10-03T02:12:08.911Z",
                "expiration_time": "2030-10-01T02:13:08.911Z",
                "sha1_fingerprint": "73fea9833c9639fcf8845ae76e8a1f1a0aea177a"
              }
            ],
            "service_account_email_address": "p310564893631-vrlebi@gcp-sa-cloud-sql.iam.gserviceaccount.com",
            "settings": [
              {
                "activation_policy": "ALWAYS",
                "authorized_gae_applications": null,
                "availability_type": "",
                "backup_configuration": [
                  {
                    "binary_log_enabled": false,
                    "enabled": false,
                    "location": "",
                    "point_in_time_recovery_enabled": false,
                    "start_time": "14:00"
                  }
                ],
                "crash_safe_replication": false,
                "database_flags": [],
                "disk_autoresize": true,
                "disk_size": 10,
                "disk_type": "PD_SSD",
                "ip_configuration": [
                  {
                    "authorized_networks": [],
                    "ipv4_enabled": true,
                    "private_network": "",
                    "require_ssl": false
                  }
                ],
                "location_preference": [
                  {
                    "follow_gae_application": "",
                    "zone": "europe-west2-a"
                  }
                ],
                "maintenance_window": [],
                "pricing_plan": "PER_USE",
                "replication_type": "SYNCHRONOUS",
                "tier": "db-f1-micro",
                "user_labels": null,
                "version": 1
              }
            ],
            "timeouts": null
          },
          "private": "eyJlMmJmYjczMC1lY2FhLTExZTYtOGY4OC0zNDM2M2JjN2M0YzAiOnsiY3JlYXRlIjoxMjAwMDAwMDAwMDAwLCJkZWxldGUiOjEyMDAwMDAwMDAwMDAsInVwZGF0ZSI6MTIwMDAwMDAwMDAwMH19"
        }
      ]
    },
    {
      "mode": "managed",
      "type": "google_sql_user",
      "name": "users",
      "provider": "provider[\"registry.terraform.io/hashicorp/google\"]",
      "instances": [
        {
          "schema_version": 1,
          "attributes": {
            "host": "",
            "id": "franck//master-instance",
            "instance": "master-instance",
            "name": "franck",
            "password": "franck",
            "project": "phonic-command-291302",
            "timeouts": null
          },
          "private": "eyJlMmJmYjczMC1lY2FhLTExZTYtOGY4OC0zNDM2M2JjN2M0YzAiOnsiY3JlYXRlIjo2MDAwMDAwMDAwMDAsImRlbGV0ZSI6NjAwMDAwMDAwMDAwLCJ1cGRhdGUiOjYwMDAwMDAwMDAwMH0sInNjaGVtYV92ZXJzaW9uIjoiMSJ9",
          "dependencies": [
            "google_sql_database_instance.master"
          ]
        }
      ]
    }
  ]
}
